
Microsoft Visual Studio Solution File, Format Version 12.00
# Visual Studio Version 17
VisualStudioVersion = 17.3.32929.385
MinimumVisualStudioVersion = 10.0.40219.1
Project("{FAE04EC0-301F-11D3-BF4B-00C04F79EFBC}") = "Scroller", "Scroller\Scroller.csproj", "{C6B2A873-7D5A-4050-BE62-EABD4FD0F031}"
EndProject
Global
	GlobalSection(SolutionConfigurationPlatforms) = preSolution
		Debug|Any CPU = Debug|Any CPU
		Release|Any CPU = Release|Any CPU
	EndGlobalSection
	GlobalSection(ProjectConfigurationPlatforms) = postSolution
		{C6B2A873-7D5A-4050-BE62-EABD4FD0F031}.Debug|Any CPU.ActiveCfg = Debug|Any CPU
		{C6B2A873-7D5A-4050-BE62-EABD4FD0F031}.Debug|Any CPU.Build.0 = Debug|Any CPU
		{C6B2A873-7D5A-4050-BE62-EABD4FD0F031}.Release|Any CPU.ActiveCfg = Release|Any CPU
		{C6B2A873-7D5A-4050-BE62-EABD4FD0F031}.Release|Any CPU.Build.0 = Release|Any CPU
	EndGlobalSection
	GlobalSection(SolutionProperties) = preSolution
		HideSolutionNode = FALSE
	EndGlobalSection
	GlobalSection(ExtensibilityGlobals) = postSolution
		SolutionGuid = {411643E0-E4A5-4AB1-A2DE-FD4BF42729B7}
	EndGlobalSection
EndGlobal
